
Microsoft Visual Studio Solution File, Format Version 12.00
# Visual Studio Version 16
VisualStudioVersion = 25.0.1705.3
MinimumVisualStudioVersion = 10.0.40219.1
Project("{FAE04EC0-301F-11D3-BF4B-00C04F79EFBC}") = "server", "server.csproj", "{4E408CAB-C361-488F-AA92-9C35678699D2}"
EndProject
Global
	GlobalSection(SolutionConfigurationPlatforms) = preSolution
		Debug|Any CPU = Debug|Any CPU
		Release|Any CPU = Release|Any CPU
	EndGlobalSection
	GlobalSection(ProjectConfigurationPlatforms) = postSolution
		{4E408CAB-C361-488F-AA92-9C35678699D2}.Debug|Any CPU.ActiveCfg = Debug|Any CPU
		{4E408CAB-C361-488F-AA92-9C35678699D2}.Debug|Any CPU.Build.0 = Debug|Any CPU
		{4E408CAB-C361-488F-AA92-9C35678699D2}.Release|Any CPU.ActiveCfg = Release|Any CPU
		{4E408CAB-C361-488F-AA92-9C35678699D2}.Release|Any CPU.Build.0 = Release|Any CPU
	EndGlobalSection
	GlobalSection(SolutionProperties) = preSolution
		HideSolutionNode = FALSE
	EndGlobalSection
	GlobalSection(ExtensibilityGlobals) = postSolution
		SolutionGuid = {89634BC9-12D1-44B1-9746-3FA23DD9B547}
	EndGlobalSection
EndGlobal
